
Microsoft Visual Studio Solution File, Format Version 12.00
# Visual Studio Version 17
VisualStudioVersion = 17.14.36717.8
MinimumVisualStudioVersion = 10.0.40219.1
Project("{FAE04EC0-301F-11D3-BF4B-00C04F79EFBC}") = "ResipWeb", "ResipWeb\ResipWeb.csproj", "{5E9825DA-799B-4277-BE87-55CC66F06F93}"
EndProject
Global
	GlobalSection(SolutionConfigurationPlatforms) = preSolution
		Debug|Any CPU = Debug|Any CPU
		Release|Any CPU = Release|Any CPU
	EndGlobalSection
	GlobalSection(ProjectConfigurationPlatforms) = postSolution
		{5E9825DA-799B-4277-BE87-55CC66F06F93}.Debug|Any CPU.ActiveCfg = Debug|Any CPU
		{5E9825DA-799B-4277-BE87-55CC66F06F93}.Debug|Any CPU.Build.0 = Debug|Any CPU
		{5E9825DA-799B-4277-BE87-55CC66F06F93}.Release|Any CPU.ActiveCfg = Release|Any CPU
		{5E9825DA-799B-4277-BE87-55CC66F06F93}.Release|Any CPU.Build.0 = Release|Any CPU
	EndGlobalSection
	GlobalSection(SolutionProperties) = preSolution
		HideSolutionNode = FALSE
	EndGlobalSection
	GlobalSection(ExtensibilityGlobals) = postSolution
		SolutionGuid = {1100FDC0-4C20-436F-A977-236DFF8D4BE9}
	EndGlobalSection
EndGlobal
